// !$*UTF8*$!
{
	archiveVersion = 1;
	classes = {
	};
	objectVersion = 46;
	objects = {

/* Begin PBXBuildFile section */
		14406FAF207684CF004294E2 /* KohanaTextField.framework in Frameworks */ = {isa = PBXBuildFile; fileRef = 8C4DF9E81E8DCA6F00CFB79A /* KohanaTextField.framework */; };
		14406FB0207684CF004294E2 /* KohanaTextField.framework in Embed Frameworks */ = {isa = PBXBuildFile; fileRef = 8C4DF9E81E8DCA6F00CFB79A /* KohanaTextField.framework */; settings = {ATTRIBUTES = (CodeSignOnCopy, RemoveHeadersOnCopy, ); }; };
		14B7A2012075957D00C09AE5 /* AppDelegate.swift in Sources */ = {isa = PBXBuildFile; fileRef = 14B7A2002075957D00C09AE5 /* AppDelegate.swift */; };
		14B7A2032075957D00C09AE5 /* ViewController.swift in Sources */ = {isa = PBXBuildFile; fileRef = 14B7A2022075957D00C09AE5 /* ViewController.swift */; };
		14B7A2062075957D00C09AE5 /* Main.storyboard in Resources */ = {isa = PBXBuildFile; fileRef = 14B7A2042075957D00C09AE5 /* Main.storyboard */; };
		14B7A2082075957D00C09AE5 /* Assets.xcassets in Resources */ = {isa = PBXBuildFile; fileRef = 14B7A2072075957D00C09AE5 /* Assets.xcassets */; };
		14B7A20B2075957D00C09AE5 /* LaunchScreen.storyboard in Resources */ = {isa = PBXBuildFile; fileRef = 14B7A2092075957D00C09AE5 /* LaunchScreen.storyboard */; };
		8C4DF9ED1E8DCA6F00CFB79A /* KohanaTextField.h in Headers */ = {isa = PBXBuildFile; fileRef = 8C4DF9EB1E8DCA6F00CFB79A /* KohanaTextField.h */; settings = {ATTRIBUTES = (Public, ); }; };
		8C4DF9F41E8DCAA000CFB79A /* KohanaTextField.swift in Sources */ = {isa = PBXBuildFile; fileRef = 8C4DF9F31E8DCAA000CFB79A /* KohanaTextField.swift */; };
/* End PBXBuildFile section */

/* Begin PBXContainerItemProxy section */
		14406FAB20767C43004294E2 /* PBXContainerItemProxy */ = {
			isa = PBXContainerItemProxy;
			containerPortal = 8C4DF9DF1E8DCA6F00CFB79A /* Project object */;
			proxyType = 1;
			remoteGlobalIDString = 8C4DF9E71E8DCA6F00CFB79A;
			remoteInfo = KohanaTextField;
		};
/* End PBXContainerItemProxy section */

/* Begin PBXCopyFilesBuildPhase section */
		14406FB1207684D0004294E2 /* Embed Frameworks */ = {
			isa = PBXCopyFilesBuildPhase;
			buildActionMask = 2147483647;
			dstPath = "";
			dstSubfolderSpec = 10;
			files = (
				14406FB0207684CF004294E2 /* KohanaTextField.framework in Embed Frameworks */,
			);
			name = "Embed Frameworks";
			runOnlyForDeploymentPostprocessing = 0;
		};
/* End PBXCopyFilesBuildPhase section */

/* Begin PBXFileReference section */
		14B7A1FE2075957D00C09AE5 /* KohanaTextFieldDemo.app */ = {isa = PBXFileReference; explicitFileType = wrapper.application; includeInIndex = 0; path = KohanaTextFieldDemo.app; sourceTree = BUILT_PRODUCTS_DIR; };
		14B7A2002075957D00C09AE5 /* AppDelegate.swift */ = {isa = PBXFileReference; lastKnownFileType = sourcecode.swift; path = AppDelegate.swift; sourceTree = "<group>"; };
		14B7A2022075957D00C09AE5 /* ViewController.swift */ = {isa = PBXFileReference; lastKnownFileType = sourcecode.swift; path = ViewController.swift; sourceTree = "<group>"; };
		14B7A2052075957D00C09AE5 /* Base */ = {isa = PBXFileReference; lastKnownFileType = file.storyboard; name = Base; path = Base.lproj/Main.storyboard; sourceTree = "<group>"; };
		14B7A2072075957D00C09AE5 /* Assets.xcassets */ = {isa = PBXFileReference; lastKnownFileType = folder.assetcatalog; path = Assets.xcassets; sourceTree = "<group>"; };
		14B7A20A2075957D00C09AE5 /* Base */ = {isa = PBXFileReference; lastKnownFileType = file.storyboard; name = Base; path = Base.lproj/LaunchScreen.storyboard; sourceTree = "<group>"; };
		14B7A20C2075957D00C09AE5 /* Info.plist */ = {isa = PBXFileReference; lastKnownFileType = text.plist.xml; path = Info.plist; sourceTree = "<group>"; };
		8C4DF9E81E8DCA6F00CFB79A /* KohanaTextField.framework */ = {isa = PBXFileReference; explicitFileType = wrapper.framework; includeInIndex = 0; path = KohanaTextField.framework; sourceTree = BUILT_PRODUCTS_DIR; };
		8C4DF9EB1E8DCA6F00CFB79A /* KohanaTextField.h */ = {isa = PBXFileReference; lastKnownFileType = sourcecode.c.h; path = KohanaTextField.h; sourceTree = "<group>"; };
		8C4DF9EC1E8DCA6F00CFB79A /* Info.plist */ = {isa = PBXFileReference; lastKnownFileType = text.plist.xml; path = Info.plist; sourceTree = "<group>"; };
		8C4DF9F31E8DCAA000CFB79A /* KohanaTextField.swift */ = {isa = PBXFileReference; fileEncoding = 4; lastKnownFileType = sourcecode.swift; path = KohanaTextField.swift; sourceTree = "<group>"; };
/* End PBXFileReference section */

/* Begin PBXFrameworksBuildPhase section */
		14B7A1FB2075957D00C09AE5 /* Frameworks */ = {
			isa = PBXFrameworksBuildPhase;
			buildActionMask = 2147483647;
			files = (
				14406FAF207684CF004294E2 /* KohanaTextField.framework in Frameworks */,
			);
			runOnlyForDeploymentPostprocessing = 0;
		};
		8C4DF9E41E8DCA6F00CFB79A /* Frameworks */ = {
			isa = PBXFrameworksBuildPhase;
			buildActionMask = 2147483647;
			files = (
			);
			runOnlyForDeploymentPostprocessing = 0;
		};
/* End PBXFrameworksBuildPhase section */

/* Begin PBXGroup section */
		14406FA920767BF9004294E2 /* Frameworks */ = {
			isa = PBXGroup;
			children = (
			);
			name = Frameworks;
			sourceTree = "<group>";
		};
		14B7A1FF2075957D00C09AE5 /* KohanaTextFieldDemo */ = {
			isa = PBXGroup;
			children = (
				14B7A2002075957D00C09AE5 /* AppDelegate.swift */,
				14B7A2022075957D00C09AE5 /* ViewController.swift */,
				14B7A2042075957D00C09AE5 /* Main.storyboard */,
				14B7A2072075957D00C09AE5 /* Assets.xcassets */,
				14B7A2092075957D00C09AE5 /* LaunchScreen.storyboard */,
				14B7A20C2075957D00C09AE5 /* Info.plist */,
			);
			path = KohanaTextFieldDemo;
			sourceTree = "<group>";
		};
		8C4DF9DE1E8DCA6F00CFB79A = {
			isa = PBXGroup;
			children = (
				8C4DF9EA1E8DCA6F00CFB79A /* KohanaTextField */,
				14B7A1FF2075957D00C09AE5 /* KohanaTextFieldDemo */,
				8C4DF9E91E8DCA6F00CFB79A /* Products */,
				14406FA920767BF9004294E2 /* Frameworks */,
			);
			sourceTree = "<group>";
		};
		8C4DF9E91E8DCA6F00CFB79A /* Products */ = {
			isa = PBXGroup;
			children = (
				8C4DF9E81E8DCA6F00CFB79A /* KohanaTextField.framework */,
				14B7A1FE2075957D00C09AE5 /* KohanaTextFieldDemo.app */,
			);
			name = Products;
			sourceTree = "<group>";
		};
		8C4DF9EA1E8DCA6F00CFB79A /* KohanaTextField */ = {
			isa = PBXGroup;
			children = (
				8C4DF9EB1E8DCA6F00CFB79A /* KohanaTextField.h */,
				8C4DF9EC1E8DCA6F00CFB79A /* Info.plist */,
				8C4DF9F31E8DCAA000CFB79A /* KohanaTextField.swift */,
			);
			path = KohanaTextField;
			sourceTree = "<group>";
		};
/* End PBXGroup section */

/* Begin PBXHeadersBuildPhase section */
		8C4DF9E51E8DCA6F00CFB79A /* Headers */ = {
			isa = PBXHeadersBuildPhase;
			buildActionMask = 2147483647;
			files = (
				8C4DF9ED1E8DCA6F00CFB79A /* KohanaTextField.h in Headers */,
			);
			runOnlyForDeploymentPostprocessing = 0;
		};
/* End PBXHeadersBuildPhase section */

/* Begin PBXNativeTarget section */
		14B7A1FD2075957D00C09AE5 /* KohanaTextFieldDemo */ = {
			isa = PBXNativeTarget;
			buildConfigurationList = 14B7A20F2075957D00C09AE5 /* Build configuration list for PBXNativeTarget "KohanaTextFieldDemo" */;
			buildPhases = (
				14B7A1FA2075957D00C09AE5 /* Sources */,
				14B7A1FB2075957D00C09AE5 /* Frameworks */,
				14B7A1FC2075957D00C09AE5 /* Resources */,
				14406FB1207684D0004294E2 /* Embed Frameworks */,
			);
			buildRules = (
			);
			dependencies = (
				14406FAC20767C43004294E2 /* PBXTargetDependency */,
			);
			name = KohanaTextFieldDemo;
			productName = KohanaTextFieldDemo;
			productReference = 14B7A1FE2075957D00C09AE5 /* KohanaTextFieldDemo.app */;
			productType = "com.apple.product-type.application";
		};
		8C4DF9E71E8DCA6F00CFB79A /* KohanaTextField */ = {
			isa = PBXNativeTarget;
			buildConfigurationList = 8C4DF9F01E8DCA6F00CFB79A /* Build configuration list for PBXNativeTarget "KohanaTextField" */;
			buildPhases = (
				8C4DF9E31E8DCA6F00CFB79A /* Sources */,
				8C4DF9E41E8DCA6F00CFB79A /* Frameworks */,
				8C4DF9E51E8DCA6F00CFB79A /* Headers */,
				8C4DF9E61E8DCA6F00CFB79A /* Resources */,
			);
			buildRules = (
			);
			dependencies = (
			);
			name = KohanaTextField;
			productName = KohanaTextField;
			productReference = 8C4DF9E81E8DCA6F00CFB79A /* KohanaTextField.framework */;
			productType = "com.apple.product-type.framework";
		};
/* End PBXNativeTarget section */

/* Begin PBXProject section */
		8C4DF9DF1E8DCA6F00CFB79A /* Project object */ = {
			isa = PBXProject;
			attributes = {
				LastSwiftUpdateCheck = 0920;
				LastUpgradeCheck = 0810;
				TargetAttributes = {
					14B7A1FD2075957D00C09AE5 = {
						CreatedOnToolsVersion = 9.2;
						DevelopmentTeam = WBJ5G347V7;
						ProvisioningStyle = Automatic;
					};
					8C4DF9E71E8DCA6F00CFB79A = {
						CreatedOnToolsVersion = 8.1;
						DevelopmentTeam = WBJ5G347V7;
						LastSwiftMigration = 0810;
						ProvisioningStyle = Automatic;
					};
				};
			};
			buildConfigurationList = 8C4DF9E21E8DCA6F00CFB79A /* Build configuration list for PBXProject "KohanaTextField" */;
			compatibilityVersion = "Xcode 3.2";
			developmentRegion = English;
			hasScannedForEncodings = 0;
			knownRegions = (
				en,
				Base,
			);
			mainGroup = 8C4DF9DE1E8DCA6F00CFB79A;
			productRefGroup = 8C4DF9E91E8DCA6F00CFB79A /* Products */;
			projectDirPath = "";
			projectRoot = "";
			targets = (
				8C4DF9E71E8DCA6F00CFB79A /* KohanaTextField */,
				14B7A1FD2075957D00C09AE5 /* KohanaTextFieldDemo */,
			);
		};
/* End PBXProject section */

/* Begin PBXResourcesBuildPhase section */
		14B7A1FC2075957D00C09AE5 /* Resources */ = {
			isa = PBXResourcesBuildPhase;
			buildActionMask = 2147483647;
			files = (
				14B7A20B2075957D00C09AE5 /* LaunchScreen.storyboard in Resources */,
				14B7A2082075957D00C09AE5 /* Assets.xcassets in Resources */,
				14B7A2062075957D00C09AE5 /* Main.storyboard in Resources */,
			);
			runOnlyForDeploymentPostprocessing = 0;
		};
		8C4DF9E61E8DCA6F00CFB79A /* Resources */ = {
			isa = PBXResourcesBuildPhase;
			buildActionMask = 2147483647;
			files = (
			);
			runOnlyForDeploymentPostprocessing = 0;
		};
/* End PBXResourcesBuildPhase section */

/* Begin PBXSourcesBuildPhase section */
		14B7A1FA2075957D00C09AE5 /* Sources */ = {
			isa = PBXSourcesBuildPhase;
			buildActionMask = 2147483647;
			files = (
				14B7A2032075957D00C09AE5 /* ViewController.swift in Sources */,
				14B7A2012075957D00C09AE5 /* AppDelegate.swift in Sources */,
			);
			runOnlyForDeploymentPostprocessing = 0;
		};
		8C4DF9E31E8DCA6F00CFB79A /* Sources */ = {
			isa = PBXSourcesBuildPhase;
			buildActionMask = 2147483647;
			files = (
				8C4DF9F41E8DCAA000CFB79A /* KohanaTextField.swift in Sources */,
			);
			runOnlyForDeploymentPostprocessing = 0;
		};
/* End PBXSourcesBuildPhase section */

/* Begin PBXTargetDependency section */
		14406FAC20767C43004294E2 /* PBXTargetDependency */ = {
			isa = PBXTargetDependency;
			target = 8C4DF9E71E8DCA6F00CFB79A /* KohanaTextField */;
			targetProxy = 14406FAB20767C43004294E2 /* PBXContainerItemProxy */;
		};
/* End PBXTargetDependency section */

/* Begin PBXVariantGroup section */
		14B7A2042075957D00C09AE5 /* Main.storyboard */ = {
			isa = PBXVariantGroup;
			children = (
				14B7A2052075957D00C09AE5 /* Base */,
			);
			name = Main.storyboard;
			sourceTree = "<group>";
		};
		14B7A2092075957D00C09AE5 /* LaunchScreen.storyboard */ = {
			isa = PBXVariantGroup;
			children = (
				14B7A20A2075957D00C09AE5 /* Base */,
			);
			name = LaunchScreen.storyboard;
			sourceTree = "<group>";
		};
/* End PBXVariantGroup section */

/* Begin XCBuildConfiguration section */
		14B7A20D2075957D00C09AE5 /* Debug */ = {
			isa = XCBuildConfiguration;
			buildSettings = {
				ALWAYS_EMBED_SWIFT_STANDARD_LIBRARIES = YES;
				ASSETCATALOG_COMPILER_APPICON_NAME = AppIcon;
				CLANG_ANALYZER_NUMBER_OBJECT_CONVERSION = YES_AGGRESSIVE;
				CLANG_CXX_LANGUAGE_STANDARD = "gnu++14";
				CLANG_WARN_BLOCK_CAPTURE_AUTORELEASING = YES;
				CLANG_WARN_COMMA = YES;
				CLANG_WARN_NON_LITERAL_NULL_CONVERSION = YES;
				CLANG_WARN_OBJC_LITERAL_CONVERSION = YES;
				CLANG_WARN_RANGE_LOOP_ANALYSIS = YES;
				CLANG_WARN_STRICT_PROTOTYPES = YES;
				CLANG_WARN_SUSPICIOUS_MOVE = YES;
				CLANG_WARN_UNGUARDED_AVAILABILITY = YES_AGGRESSIVE;
				CODE_SIGN_IDENTITY = "iPhone Developer";
				"CODE_SIGN_IDENTITY[sdk=iphoneos*]" = "iPhone Developer";
				CODE_SIGN_STYLE = Automatic;
				DEVELOPMENT_TEAM = WBJ5G347V7;
				GCC_C_LANGUAGE_STANDARD = gnu11;
				INFOPLIST_FILE = KohanaTextFieldDemo/Info.plist;
				IPHONEOS_DEPLOYMENT_TARGET = 11.2;
				LD_RUNPATH_SEARCH_PATHS = "$(inherited) @executable_path/Frameworks";
				PRODUCT_BUNDLE_IDENTIFIER = com.neil.KohanaTextFieldDemo;
				PRODUCT_NAME = "$(TARGET_NAME)";
				PROVISIONING_PROFILE_SPECIFIER = "";
				SWIFT_VERSION = 4.0;
				TARGETED_DEVICE_FAMILY = "1,2";
			};
			name = Debug;
		};
		14B7A20E2075957D00C09AE5 /* Release */ = {
			isa = XCBuildConfiguration;
			buildSettings = {
				ALWAYS_EMBED_SWIFT_STANDARD_LIBRARIES = YES;
				ASSETCATALOG_COMPILER_APPICON_NAME = AppIcon;
				CLANG_ANALYZER_NUMBER_OBJECT_CONVERSION = YES_AGGRESSIVE;
				CLANG_CXX_LANGUAGE_STANDARD = "gnu++14";
				CLANG_WARN_BLOCK_CAPTURE_AUTORELEASING = YES;
				CLANG_WARN_COMMA = YES;
				CLANG_WARN_NON_LITERAL_NULL_CONVERSION = YES;
				CLANG_WARN_OBJC_LITERAL_CONVERSION = YES;
				CLANG_WARN_RANGE_LOOP_ANALYSIS = YES;
				CLANG_WARN_STRICT_PROTOTYPES = YES;
				CLANG_WARN_SUSPICIOUS_MOVE = YES;
				CLANG_WARN_UNGUARDED_AVAILABILITY = YES_AGGRESSIVE;
				CODE_SIGN_IDENTITY = "iPhone Developer";
				"CODE_SIGN_IDENTITY[sdk=iphoneos*]" = "iPhone Developer";
				CODE_SIGN_STYLE = Automatic;
				DEVELOPMENT_TEAM = WBJ5G347V7;
				GCC_C_LANGUAGE_STANDARD = gnu11;
				INFOPLIST_FILE = KohanaTextFieldDemo/Info.plist;
				IPHONEOS_DEPLOYMENT_TARGET = 11.2;
				LD_RUNPATH_SEARCH_PATHS = "$(inherited) @executable_path/Frameworks";
				PRODUCT_BUNDLE_IDENTIFIER = com.neil.KohanaTextFieldDemo;
				PRODUCT_NAME = "$(TARGET_NAME)";
				PROVISIONING_PROFILE_SPECIFIER = "";
				SWIFT_VERSION = 4.0;
				TARGETED_DEVICE_FAMILY = "1,2";
			};
			name = Release;
		};
		8C4DF9EE1E8DCA6F00CFB79A /* Debug */ = {
			isa = XCBuildConfiguration;
			buildSettings = {
				ALWAYS_EMBED_SWIFT_STANDARD_LIBRARIES = "$(inherited)";
				ALWAYS_SEARCH_USER_PATHS = NO;
				CLANG_ANALYZER_NONNULL = YES;
				CLANG_CXX_LANGUAGE_STANDARD = "gnu++0x";
				CLANG_CXX_LIBRARY = "libc++";
				CLANG_ENABLE_MODULES = YES;
				CLANG_ENABLE_OBJC_ARC = YES;
				CLANG_WARN_BOOL_CONVERSION = YES;
				CLANG_WARN_CONSTANT_CONVERSION = YES;
				CLANG_WARN_DIRECT_OBJC_ISA_USAGE = YES_ERROR;
				CLANG_WARN_DOCUMENTATION_COMMENTS = YES;
				CLANG_WARN_EMPTY_BODY = YES;
				CLANG_WARN_ENUM_CONVERSION = YES;
				CLANG_WARN_INFINITE_RECURSION = YES;
				CLANG_WARN_INT_CONVERSION = YES;
				CLANG_WARN_OBJC_ROOT_CLASS = YES_ERROR;
				CLANG_WARN_SUSPICIOUS_MOVES = YES;
				CLANG_WARN_UNREACHABLE_CODE = YES;
				CLANG_WARN__DUPLICATE_METHOD_MATCH = YES;
				"CODE_SIGN_IDENTITY[sdk=iphoneos*]" = "iPhone Developer";
				COPY_PHASE_STRIP = NO;
				CURRENT_PROJECT_VERSION = 1;
				DEBUG_INFORMATION_FORMAT = dwarf;
				ENABLE_STRICT_OBJC_MSGSEND = YES;
				ENABLE_TESTABILITY = YES;
				GCC_C_LANGUAGE_STANDARD = gnu99;
				GCC_DYNAMIC_NO_PIC = NO;
				GCC_NO_COMMON_BLOCKS = YES;
				GCC_OPTIMIZATION_LEVEL = 0;
				GCC_PREPROCESSOR_DEFINITIONS = (
					"DEBUG=1",
					"$(inherited)",
				);
				GCC_WARN_64_TO_32_BIT_CONVERSION = YES;
				GCC_WARN_ABOUT_RETURN_TYPE = YES_ERROR;
				GCC_WARN_UNDECLARED_SELECTOR = YES;
				GCC_WARN_UNINITIALIZED_AUTOS = YES_AGGRESSIVE;
				GCC_WARN_UNUSED_FUNCTION = YES;
				GCC_WARN_UNUSED_VARIABLE = YES;
				IPHONEOS_DEPLOYMENT_TARGET = 10.1;
				MTL_ENABLE_DEBUG_INFO = YES;
				ONLY_ACTIVE_ARCH = YES;
				SDKROOT = iphoneos;
				SWIFT_ACTIVE_COMPILATION_CONDITIONS = DEBUG;
				SWIFT_OPTIMIZATION_LEVEL = "-Onone";
				TARGETED_DEVICE_FAMILY = "1,2";
				VERSIONING_SYSTEM = "apple-generic";
				VERSION_INFO_PREFIX = "";
			};
			name = Debug;
		};
		8C4DF9EF1E8DCA6F00CFB79A /* Release */ = {
			isa = XCBuildConfiguration;
			buildSettings = {
				ALWAYS_EMBED_SWIFT_STANDARD_LIBRARIES = "$(inherited)";
				ALWAYS_SEARCH_USER_PATHS = NO;
				CLANG_ANALYZER_NONNULL = YES;
				CLANG_CXX_LANGUAGE_STANDARD = "gnu++0x";
				CLANG_CXX_LIBRARY = "libc++";
				CLANG_ENABLE_MODULES = YES;
				CLANG_ENABLE_OBJC_ARC = YES;
				CLANG_WARN_BOOL_CONVERSION = YES;
				CLANG_WARN_CONSTANT_CONVERSION = YES;
				CLANG_WARN_DIRECT_OBJC_ISA_USAGE = YES_ERROR;
				CLANG_WARN_DOCUMENTATION_COMMENTS = YES;
				CLANG_WARN_EMPTY_BODY = YES;
				CLANG_WARN_ENUM_CONVERSION = YES;
				CLANG_WARN_INFINITE_RECURSION = YES;
				CLANG_WARN_INT_CONVERSION = YES;
				CLANG_WARN_OBJC_ROOT_CLASS = YES_ERROR;
				CLANG_WARN_SUSPICIOUS_MOVES = YES;
				CLANG_WARN_UNREACHABLE_CODE = YES;
				CLANG_WARN__DUPLICATE_METHOD_MATCH = YES;
				"CODE_SIGN_IDENTITY[sdk=iphoneos*]" = "iPhone Developer";
				COPY_PHASE_STRIP = NO;
				CURRENT_PROJECT_VERSION = 1;
				DEBUG_INFORMATION_FORMAT = "dwarf-with-dsym";
				ENABLE_NS_ASSERTIONS = NO;
				ENABLE_STRICT_OBJC_MSGSEND = YES;
				GCC_C_LANGUAGE_STANDARD = gnu99;
				GCC_NO_COMMON_BLOCKS = YES;
				GCC_WARN_64_TO_32_BIT_CONVERSION = YES;
				GCC_WARN_ABOUT_RETURN_TYPE = YES_ERROR;
				GCC_WARN_UNDECLARED_SELECTOR = YES;
				GCC_WARN_UNINITIALIZED_AUTOS = YES_AGGRESSIVE;
				GCC_WARN_UNUSED_FUNCTION = YES;
				GCC_WARN_UNUSED_VARIABLE = YES;
				IPHONEOS_DEPLOYMENT_TARGET = 10.1;
				MTL_ENABLE_DEBUG_INFO = NO;
				SDKROOT = iphoneos;
				SWIFT_OPTIMIZATION_LEVEL = "-Owholemodule";
				TARGETED_DEVICE_FAMILY = "1,2";
				VALIDATE_PRODUCT = YES;
				VERSIONING_SYSTEM = "apple-generic";
				VERSION_INFO_PREFIX = "";
			};
			name = Release;
		};
		8C4DF9F11E8DCA6F00CFB79A /* Debug */ = {
			isa = XCBuildConfiguration;
			buildSettings = {
				ALWAYS_EMBED_SWIFT_STANDARD_LIBRARIES = "$(inherited)";
				CLANG_ENABLE_MODULES = YES;
				CODE_SIGN_IDENTITY = "iPhone Developer";
				"CODE_SIGN_IDENTITY[sdk=iphoneos*]" = "iPhone Developer";
				DEFINES_MODULE = YES;
				DEVELOPMENT_TEAM = WBJ5G347V7;
				DYLIB_COMPATIBILITY_VERSION = 1;
				DYLIB_CURRENT_VERSION = 1;
				DYLIB_INSTALL_NAME_BASE = "@rpath";
				INFOPLIST_FILE = KohanaTextField/Info.plist;
				INSTALL_PATH = "$(LOCAL_LIBRARY_DIR)/Frameworks";
				LD_RUNPATH_SEARCH_PATHS = "$(inherited) @executable_path/Frameworks @loader_path/Frameworks";
				PRODUCT_BUNDLE_IDENTIFIER = cheesecake.KohanaTextField;
				PRODUCT_NAME = "$(TARGET_NAME)";
				SKIP_INSTALL = YES;
				SWIFT_OPTIMIZATION_LEVEL = "-Onone";
				SWIFT_VERSION = 3.0;
			};
			name = Debug;
		};
		8C4DF9F21E8DCA6F00CFB79A /* Release */ = {
			isa = XCBuildConfiguration;
			buildSettings = {
				ALWAYS_EMBED_SWIFT_STANDARD_LIBRARIES = "$(inherited)";
				CLANG_ENABLE_MODULES = YES;
				CODE_SIGN_IDENTITY = "iPhone Developer";
				"CODE_SIGN_IDENTITY[sdk=iphoneos*]" = "iPhone Developer";
				DEFINES_MODULE = YES;
				DEVELOPMENT_TEAM = WBJ5G347V7;
				DYLIB_COMPATIBILITY_VERSION = 1;
				DYLIB_CURRENT_VERSION = 1;
				DYLIB_INSTALL_NAME_BASE = "@rpath";
				INFOPLIST_FILE = KohanaTextField/Info.plist;
				INSTALL_PATH = "$(LOCAL_LIBRARY_DIR)/Frameworks";
				LD_RUNPATH_SEARCH_PATHS = "$(inherited) @executable_path/Frameworks @loader_path/Frameworks";
				PRODUCT_BUNDLE_IDENTIFIER = cheesecake.KohanaTextField;
				PRODUCT_NAME = "$(TARGET_NAME)";
				SKIP_INSTALL = YES;
				SWIFT_VERSION = 3.0;
			};
			name = Release;
		};
/* End XCBuildConfiguration section */

/* Begin XCConfigurationList section */
		14B7A20F2075957D00C09AE5 /* Build configuration list for PBXNativeTarget "KohanaTextFieldDemo" */ = {
			isa = XCConfigurationList;
			buildConfigurations = (
				14B7A20D2075957D00C09AE5 /* Debug */,
				14B7A20E2075957D00C09AE5 /* Release */,
			);
			defaultConfigurationIsVisible = 0;
			defaultConfigurationName = Release;
		};
		8C4DF9E21E8DCA6F00CFB79A /* Build configuration list for PBXProject "KohanaTextField" */ = {
			isa = XCConfigurationList;
			buildConfigurations = (
				8C4DF9EE1E8DCA6F00CFB79A /* Debug */,
				8C4DF9EF1E8DCA6F00CFB79A /* Release */,
			);
			defaultConfigurationIsVisible = 0;
			defaultConfigurationName = Release;
		};
		8C4DF9F01E8DCA6F00CFB79A /* Build configuration list for PBXNativeTarget "KohanaTextField" */ = {
			isa = XCConfigurationList;
			buildConfigurations = (
				8C4DF9F11E8DCA6F00CFB79A /* Debug */,
				8C4DF9F21E8DCA6F00CFB79A /* Release */,
			);
			defaultConfigurationIsVisible = 0;
			defaultConfigurationName = Release;
		};
/* End XCConfigurationList section */
	};
	rootObject = 8C4DF9DF1E8DCA6F00CFB79A /* Project object */;
}
